// !$*UTF8*$!
{
	archiveVersion = 1;
	classes = {
	};
	objectVersion = 50;
	objects = {

/* Begin PBXBuildFile section */
		0645DB5C690FA2355518169F /* Pods_VoiceMemosClone.framework in Frameworks */ = {isa = PBXBuildFile; fileRef = 0066BC6CCD10BE2F11157749 /* Pods_VoiceMemosClone.framework */; };
		9A508C9921E964B500F16470 /* AppDelegate.swift in Sources */ = {isa = PBXBuildFile; fileRef = 9A508C9821E964B500F16470 /* AppDelegate.swift */; };
		9A508C9E21E964B500F16470 /* Main.storyboard in Resources */ = {isa = PBXBuildFile; fileRef = 9A508C9C21E964B500F16470 /* Main.storyboard */; };
		9A508CA021E964B900F16470 /* Assets.xcassets in Resources */ = {isa = PBXBuildFile; fileRef = 9A508C9F21E964B900F16470 /* Assets.xcassets */; };
		9A508CA321E964B900F16470 /* LaunchScreen.storyboard in Resources */ = {isa = PBXBuildFile; fileRef = 9A508CA121E964B900F16470 /* LaunchScreen.storyboard */; };
		9A508CB021E971D500F16470 /* RecorderViewController.swift in Sources */ = {isa = PBXBuildFile; fileRef = 9A508CAE21E971D500F16470 /* RecorderViewController.swift */; };
		9A508CB321E9763300F16470 /* Extensions.swift in Sources */ = {isa = PBXBuildFile; fileRef = 9A508CB221E9763300F16470 /* Extensions.swift */; };
		9A508CB521E97CA200F16470 /* RecordingsViewController.swift in Sources */ = {isa = PBXBuildFile; fileRef = 9A508CB421E97CA200F16470 /* RecordingsViewController.swift */; };
		9A508CB721E97CCD00F16470 /* MainViewController.swift in Sources */ = {isa = PBXBuildFile; fileRef = 9A508CB621E97CCD00F16470 /* MainViewController.swift */; };
		9A508CBD21E983B400F16470 /* RecordButtonKit.swift in Sources */ = {isa = PBXBuildFile; fileRef = 9A508CBB21E983B400F16470 /* RecordButtonKit.swift */; };
		9A508CBE21E983B400F16470 /* RecordButton.swift in Sources */ = {isa = PBXBuildFile; fileRef = 9A508CBC21E983B400F16470 /* RecordButton.swift */; };
		9A508CC321E9872900F16470 /* StartRecording.aiff in Resources */ = {isa = PBXBuildFile; fileRef = 9A508CC121E9872900F16470 /* StartRecording.aiff */; };
		9A508CC421E9872900F16470 /* StopRecording.aiff in Resources */ = {isa = PBXBuildFile; fileRef = 9A508CC221E9872900F16470 /* StopRecording.aiff */; };
		9A508CC621E9961200F16470 /* AudioVisualizerView.swift in Sources */ = {isa = PBXBuildFile; fileRef = 9A508CC521E9961200F16470 /* AudioVisualizerView.swift */; };
/* End PBXBuildFile section */

/* Begin PBXFileReference section */
		0066BC6CCD10BE2F11157749 /* Pods_VoiceMemosClone.framework */ = {isa = PBXFileReference; explicitFileType = wrapper.framework; includeInIndex = 0; path = Pods_VoiceMemosClone.framework; sourceTree = BUILT_PRODUCTS_DIR; };
		0F2C7FADF52A0751830BC76C /* Pods-VoiceMemosClone.release.xcconfig */ = {isa = PBXFileReference; includeInIndex = 1; lastKnownFileType = text.xcconfig; name = "Pods-VoiceMemosClone.release.xcconfig"; path = "Pods/Target Support Files/Pods-VoiceMemosClone/Pods-VoiceMemosClone.release.xcconfig"; sourceTree = "<group>"; };
		6F4119673B197B6BDF0E7E19 /* Pods-VoiceMemosClone.debug.xcconfig */ = {isa = PBXFileReference; includeInIndex = 1; lastKnownFileType = text.xcconfig; name = "Pods-VoiceMemosClone.debug.xcconfig"; path = "Pods/Target Support Files/Pods-VoiceMemosClone/Pods-VoiceMemosClone.debug.xcconfig"; sourceTree = "<group>"; };
		9A508C9521E964B500F16470 /* VoiceMemosClone.app */ = {isa = PBXFileReference; explicitFileType = wrapper.application; includeInIndex = 0; path = VoiceMemosClone.app; sourceTree = BUILT_PRODUCTS_DIR; };
		9A508C9821E964B500F16470 /* AppDelegate.swift */ = {isa = PBXFileReference; lastKnownFileType = sourcecode.swift; path = AppDelegate.swift; sourceTree = "<group>"; };
		9A508C9D21E964B500F16470 /* Base */ = {isa = PBXFileReference; lastKnownFileType = file.storyboard; name = Base; path = Base.lproj/Main.storyboard; sourceTree = "<group>"; };
		9A508C9F21E964B900F16470 /* Assets.xcassets */ = {isa = PBXFileReference; lastKnownFileType = folder.assetcatalog; path = Assets.xcassets; sourceTree = "<group>"; };
		9A508CA221E964B900F16470 /* Base */ = {isa = PBXFileReference; lastKnownFileType = file.storyboard; name = Base; path = Base.lproj/LaunchScreen.storyboard; sourceTree = "<group>"; };
		9A508CA421E964B900F16470 /* Info.plist */ = {isa = PBXFileReference; lastKnownFileType = text.plist.xml; path = Info.plist; sourceTree = "<group>"; };
		9A508CAE21E971D500F16470 /* RecorderViewController.swift */ = {isa = PBXFileReference; lastKnownFileType = sourcecode.swift; path = RecorderViewController.swift; sourceTree = "<group>"; };
		9A508CB221E9763300F16470 /* Extensions.swift */ = {isa = PBXFileReference; lastKnownFileType = sourcecode.swift; path = Extensions.swift; sourceTree = "<group>"; };
		9A508CB421E97CA200F16470 /* RecordingsViewController.swift */ = {isa = PBXFileReference; lastKnownFileType = sourcecode.swift; path = RecordingsViewController.swift; sourceTree = "<group>"; };
		9A508CB621E97CCD00F16470 /* MainViewController.swift */ = {isa = PBXFileReference; lastKnownFileType = sourcecode.swift; path = MainViewController.swift; sourceTree = "<group>"; };
		9A508CBB21E983B400F16470 /* RecordButtonKit.swift */ = {isa = PBXFileReference; fileEncoding = 4; lastKnownFileType = sourcecode.swift; path = RecordButtonKit.swift; sourceTree = "<group>"; };
		9A508CBC21E983B400F16470 /* RecordButton.swift */ = {isa = PBXFileReference; fileEncoding = 4; lastKnownFileType = sourcecode.swift; path = RecordButton.swift; sourceTree = "<group>"; };
		9A508CBF21E985CD00F16470 /* VoiceMemosClone-Bridging-Header.h */ = {isa = PBXFileReference; lastKnownFileType = sourcecode.c.h; path = "VoiceMemosClone-Bridging-Header.h"; sourceTree = "<group>"; };
		9A508CC121E9872900F16470 /* StartRecording.aiff */ = {isa = PBXFileReference; lastKnownFileType = audio.aiff; path = StartRecording.aiff; sourceTree = "<group>"; };
		9A508CC221E9872900F16470 /* StopRecording.aiff */ = {isa = PBXFileReference; lastKnownFileType = audio.aiff; path = StopRecording.aiff; sourceTree = "<group>"; };
		9A508CC521E9961200F16470 /* AudioVisualizerView.swift */ = {isa = PBXFileReference; lastKnownFileType = sourcecode.swift; path = AudioVisualizerView.swift; sourceTree = "<group>"; };
/* End PBXFileReference section */

/* Begin PBXFrameworksBuildPhase section */
		9A508C9221E964B500F16470 /* Frameworks */ = {
			isa = PBXFrameworksBuildPhase;
			buildActionMask = 2147483647;
			files = (
				0645DB5C690FA2355518169F /* Pods_VoiceMemosClone.framework in Frameworks */,
			);
			runOnlyForDeploymentPostprocessing = 0;
		};
/* End PBXFrameworksBuildPhase section */

/* Begin PBXGroup section */
		3F3C53CB725CCC98776B6DF8 /* Frameworks */ = {
			isa = PBXGroup;
			children = (
				0066BC6CCD10BE2F11157749 /* Pods_VoiceMemosClone.framework */,
			);
			name = Frameworks;
			sourceTree = "<group>";
		};
		4CF0F5C066592756E7B2EEE9 /* Pods */ = {
			isa = PBXGroup;
			children = (
				6F4119673B197B6BDF0E7E19 /* Pods-VoiceMemosClone.debug.xcconfig */,
				0F2C7FADF52A0751830BC76C /* Pods-VoiceMemosClone.release.xcconfig */,
			);
			name = Pods;
			sourceTree = "<group>";
		};
		9A3786A921EAAF5800CC5EA1 /* Controllers */ = {
			isa = PBXGroup;
			children = (
				9A3786AA21EAAF7E00CC5EA1 /* RecorderView */,
				9A508CB421E97CA200F16470 /* RecordingsViewController.swift */,
				9A508CB621E97CCD00F16470 /* MainViewController.swift */,
			);
			path = Controllers;
			sourceTree = "<group>";
		};
		9A3786AA21EAAF7E00CC5EA1 /* RecorderView */ = {
			isa = PBXGroup;
			children = (
				9A508CBA21E983B400F16470 /* RecordingButton */,
				9A508CAE21E971D500F16470 /* RecorderViewController.swift */,
			);
			path = RecorderView;
			sourceTree = "<group>";
		};
		9A3786AB21EAAFF900CC5EA1 /* View */ = {
			isa = PBXGroup;
			children = (
				9A508C9C21E964B500F16470 /* Main.storyboard */,
				9A508CA121E964B900F16470 /* LaunchScreen.storyboard */,
			);
			path = View;
			sourceTree = "<group>";
		};
		9A3786AC21EAB00C00CC5EA1 /* Extensions */ = {
			isa = PBXGroup;
			children = (
				9A508CB221E9763300F16470 /* Extensions.swift */,
			);
			path = Extensions;
			sourceTree = "<group>";
		};
		9A3786AD21EAB01C00CC5EA1 /* Objective-C Bridge */ = {
			isa = PBXGroup;
			children = (
				9A508CBF21E985CD00F16470 /* VoiceMemosClone-Bridging-Header.h */,
			);
			path = "Objective-C Bridge";
			sourceTree = "<group>";
		};
		9A3786AE21EAB03B00CC5EA1 /* Resources */ = {
			isa = PBXGroup;
			children = (
				9A508C9F21E964B900F16470 /* Assets.xcassets */,
				9A508CC021E9872900F16470 /* Sound Effects */,
			);
			path = Resources;
			sourceTree = "<group>";
		};
		9A3786AF21EAB06700CC5EA1 /* Custom Views */ = {
			isa = PBXGroup;
			children = (
				9A508CC521E9961200F16470 /* AudioVisualizerView.swift */,
			);
			path = "Custom Views";
			sourceTree = "<group>";
		};
		9A508C8C21E964B500F16470 = {
			isa = PBXGroup;
			children = (
				9A508C9721E964B500F16470 /* VoiceMemosClone */,
				9A508C9621E964B500F16470 /* Products */,
				4CF0F5C066592756E7B2EEE9 /* Pods */,
				3F3C53CB725CCC98776B6DF8 /* Frameworks */,
			);
			sourceTree = "<group>";
		};
		9A508C9621E964B500F16470 /* Products */ = {
			isa = PBXGroup;
			children = (
				9A508C9521E964B500F16470 /* VoiceMemosClone.app */,
			);
			name = Products;
			sourceTree = "<group>";
		};
		9A508C9721E964B500F16470 /* VoiceMemosClone */ = {
			isa = PBXGroup;
			children = (
				9A508C9821E964B500F16470 /* AppDelegate.swift */,
				9A3786AC21EAB00C00CC5EA1 /* Extensions */,
				9A3786AF21EAB06700CC5EA1 /* Custom Views */,
				9A3786A921EAAF5800CC5EA1 /* Controllers */,
				9A3786AB21EAAFF900CC5EA1 /* View */,
				9A3786AD21EAB01C00CC5EA1 /* Objective-C Bridge */,
				9A3786AE21EAB03B00CC5EA1 /* Resources */,
				9A508CA421E964B900F16470 /* Info.plist */,
			);
			path = VoiceMemosClone;
			sourceTree = "<group>";
		};
		9A508CBA21E983B400F16470 /* RecordingButton */ = {
			isa = PBXGroup;
			children = (
				9A508CBB21E983B400F16470 /* RecordButtonKit.swift */,
				9A508CBC21E983B400F16470 /* RecordButton.swift */,
			);
			path = RecordingButton;
			sourceTree = "<group>";
		};
		9A508CC021E9872900F16470 /* Sound Effects */ = {
			isa = PBXGroup;
			children = (
				9A508CC121E9872900F16470 /* StartRecording.aiff */,
				9A508CC221E9872900F16470 /* StopRecording.aiff */,
			);
			path = "Sound Effects";
			sourceTree = "<group>";
		};
/* End PBXGroup section */

/* Begin PBXNativeTarget section */
		9A508C9421E964B500F16470 /* VoiceMemosClone */ = {
			isa = PBXNativeTarget;
			buildConfigurationList = 9A508CA721E964B900F16470 /* Build configuration list for PBXNativeTarget "VoiceMemosClone" */;
			buildPhases = (
				589B5D1F6BA9FE66BE6E0589 /* [CP] Check Pods Manifest.lock */,
				9A508C9121E964B500F16470 /* Sources */,
				9A508C9221E964B500F16470 /* Frameworks */,
				9A508C9321E964B500F16470 /* Resources */,
				DB911939729AE459BF17E9D1 /* [CP] Embed Pods Frameworks */,
				E47D6265BCBA06FE898EE190 /* [CP] Copy Pods Resources */,
			);
			buildRules = (
			);
			dependencies = (
			);
			name = VoiceMemosClone;
			productName = VoiceMemosClone;
			productReference = 9A508C9521E964B500F16470 /* VoiceMemosClone.app */;
			productType = "com.apple.product-type.application";
		};
/* End PBXNativeTarget section */

/* Begin PBXProject section */
		9A508C8D21E964B500F16470 /* Project object */ = {
			isa = PBXProject;
			attributes = {
				LastSwiftUpdateCheck = 1010;
				LastUpgradeCheck = 1010;
				ORGANIZATIONNAME = "Hassan El Desouky";
				TargetAttributes = {
					9A508C9421E964B500F16470 = {
						CreatedOnToolsVersion = 10.1;
					};
				};
			};
			buildConfigurationList = 9A508C9021E964B500F16470 /* Build configuration list for PBXProject "VoiceMemosClone" */;
			compatibilityVersion = "Xcode 9.3";
			developmentRegion = en;
			hasScannedForEncodings = 0;
			knownRegions = (
				en,
				Base,
			);
			mainGroup = 9A508C8C21E964B500F16470;
			productRefGroup = 9A508C9621E964B500F16470 /* Products */;
			projectDirPath = "";
			projectRoot = "";
			targets = (
				9A508C9421E964B500F16470 /* VoiceMemosClone */,
			);
		};
/* End PBXProject section */

/* Begin PBXResourcesBuildPhase section */
		9A508C9321E964B500F16470 /* Resources */ = {
			isa = PBXResourcesBuildPhase;
			buildActionMask = 2147483647;
			files = (
				9A508CA321E964B900F16470 /* LaunchScreen.storyboard in Resources */,
				9A508CA021E964B900F16470 /* Assets.xcassets in Resources */,
				9A508CC321E9872900F16470 /* StartRecording.aiff in Resources */,
				9A508CC421E9872900F16470 /* StopRecording.aiff in Resources */,
				9A508C9E21E964B500F16470 /* Main.storyboard in Resources */,
			);
			runOnlyForDeploymentPostprocessing = 0;
		};
/* End PBXResourcesBuildPhase section */

/* Begin PBXShellScriptBuildPhase section */
		589B5D1F6BA9FE66BE6E0589 /* [CP] Check Pods Manifest.lock */ = {
			isa = PBXShellScriptBuildPhase;
			buildActionMask = 2147483647;
			files = (
			);
			inputPaths = (
				"${PODS_PODFILE_DIR_PATH}/Podfile.lock",
				"${PODS_ROOT}/Manifest.lock",
			);
			name = "[CP] Check Pods Manifest.lock";
			outputPaths = (
				"$(DERIVED_FILE_DIR)/Pods-VoiceMemosClone-checkManifestLockResult.txt",
			);
			runOnlyForDeploymentPostprocessing = 0;
			shellPath = /bin/sh;
			shellScript = "diff \"${PODS_PODFILE_DIR_PATH}/Podfile.lock\" \"${PODS_ROOT}/Manifest.lock\" > /dev/null\nif [ $? != 0 ] ; then\n    # print error to STDERR\n    echo \"error: The sandbox is not in sync with the Podfile.lock. Run 'pod install' or update your CocoaPods installation.\" >&2\n    exit 1\nfi\n# This output is used by Xcode 'outputs' to avoid re-running this script phase.\necho \"SUCCESS\" > \"${SCRIPT_OUTPUT_FILE_0}\"\n";
			showEnvVarsInLog = 0;
		};
		DB911939729AE459BF17E9D1 /* [CP] Embed Pods Frameworks */ = {
			isa = PBXShellScriptBuildPhase;
			buildActionMask = 2147483647;
			files = (
			);
			inputPaths = (
				"${SRCROOT}/Pods/Target Support Files/Pods-VoiceMemosClone/Pods-VoiceMemosClone-frameworks.sh",
				"${BUILT_PRODUCTS_DIR}/PRTween/PRTween.framework",
			);
			name = "[CP] Embed Pods Frameworks";
			outputPaths = (
				"${TARGET_BUILD_DIR}/${FRAMEWORKS_FOLDER_PATH}/PRTween.framework",
			);
			runOnlyForDeploymentPostprocessing = 0;
			shellPath = /bin/sh;
			shellScript = "\"${SRCROOT}/Pods/Target Support Files/Pods-VoiceMemosClone/Pods-VoiceMemosClone-frameworks.sh\"\n";
			showEnvVarsInLog = 0;
		};
		E47D6265BCBA06FE898EE190 /* [CP] Copy Pods Resources */ = {
			isa = PBXShellScriptBuildPhase;
			buildActionMask = 2147483647;
			files = (
			);
			inputPaths = (
			);
			name = "[CP] Copy Pods Resources";
			outputPaths = (
			);
			runOnlyForDeploymentPostprocessing = 0;
			shellPath = /bin/sh;
			shellScript = "\"${SRCROOT}/Pods/Target Support Files/Pods-VoiceMemosClone/Pods-VoiceMemosClone-resources.sh\"\n";
			showEnvVarsInLog = 0;
		};
/* End PBXShellScriptBuildPhase section */

/* Begin PBXSourcesBuildPhase section */
		9A508C9121E964B500F16470 /* Sources */ = {
			isa = PBXSourcesBuildPhase;
			buildActionMask = 2147483647;
			files = (
				9A508CB521E97CA200F16470 /* RecordingsViewController.swift in Sources */,
				9A508CB021E971D500F16470 /* RecorderViewController.swift in Sources */,
				9A508C9921E964B500F16470 /* AppDelegate.swift in Sources */,
				9A508CBE21E983B400F16470 /* RecordButton.swift in Sources */,
				9A508CB321E9763300F16470 /* Extensions.swift in Sources */,
				9A508CB721E97CCD00F16470 /* MainViewController.swift in Sources */,
				9A508CBD21E983B400F16470 /* RecordButtonKit.swift in Sources */,
				9A508CC621E9961200F16470 /* AudioVisualizerView.swift in Sources */,
			);
			runOnlyForDeploymentPostprocessing = 0;
		};
/* End PBXSourcesBuildPhase section */

/* Begin PBXVariantGroup section */
		9A508C9C21E964B500F16470 /* Main.storyboard */ = {
			isa = PBXVariantGroup;
			children = (
				9A508C9D21E964B500F16470 /* Base */,
			);
			name = Main.storyboard;
			sourceTree = "<group>";
		};
		9A508CA121E964B900F16470 /* LaunchScreen.storyboard */ = {
			isa = PBXVariantGroup;
			children = (
				9A508CA221E964B900F16470 /* Base */,
			);
			name = LaunchScreen.storyboard;
			sourceTree = "<group>";
		};
/* End PBXVariantGroup section */

/* Begin XCBuildConfiguration section */
		9A508CA521E964B900F16470 /* Debug */ = {
			isa = XCBuildConfiguration;
			buildSettings = {
				ALWAYS_SEARCH_USER_PATHS = NO;
				CLANG_ANALYZER_NONNULL = YES;
				CLANG_ANALYZER_NUMBER_OBJECT_CONVERSION = YES_AGGRESSIVE;
				CLANG_CXX_LANGUAGE_STANDARD = "gnu++14";
				CLANG_CXX_LIBRARY = "libc++";
				CLANG_ENABLE_MODULES = YES;
				CLANG_ENABLE_OBJC_ARC = YES;
				CLANG_ENABLE_OBJC_WEAK = YES;
				CLANG_WARN_BLOCK_CAPTURE_AUTORELEASING = YES;
				CLANG_WARN_BOOL_CONVERSION = YES;
				CLANG_WARN_COMMA = YES;
				CLANG_WARN_CONSTANT_CONVERSION = YES;
				CLANG_WARN_DEPRECATED_OBJC_IMPLEMENTATIONS = YES;
				CLANG_WARN_DIRECT_OBJC_ISA_USAGE = YES_ERROR;
				CLANG_WARN_DOCUMENTATION_COMMENTS = YES;
				CLANG_WARN_EMPTY_BODY = YES;
				CLANG_WARN_ENUM_CONVERSION = YES;
				CLANG_WARN_INFINITE_RECURSION = YES;
				CLANG_WARN_INT_CONVERSION = YES;
				CLANG_WARN_NON_LITERAL_NULL_CONVERSION = YES;
				CLANG_WARN_OBJC_IMPLICIT_RETAIN_SELF = YES;
				CLANG_WARN_OBJC_LITERAL_CONVERSION = YES;
				CLANG_WARN_OBJC_ROOT_CLASS = YES_ERROR;
				CLANG_WARN_RANGE_LOOP_ANALYSIS = YES;
				CLANG_WARN_STRICT_PROTOTYPES = YES;
				CLANG_WARN_SUSPICIOUS_MOVE = YES;
				CLANG_WARN_UNGUARDED_AVAILABILITY = YES_AGGRESSIVE;
				CLANG_WARN_UNREACHABLE_CODE = YES;
				CLANG_WARN__DUPLICATE_METHOD_MATCH = YES;
				CODE_SIGN_IDENTITY = "iPhone Developer";
				COPY_PHASE_STRIP = NO;
				DEBUG_INFORMATION_FORMAT = dwarf;
				ENABLE_STRICT_OBJC_MSGSEND = YES;
				ENABLE_TESTABILITY = YES;
				GCC_C_LANGUAGE_STANDARD = gnu11;
				GCC_DYNAMIC_NO_PIC = NO;
				GCC_NO_COMMON_BLOCKS = YES;
				GCC_OPTIMIZATION_LEVEL = 0;
				GCC_PREPROCESSOR_DEFINITIONS = (
					"DEBUG=1",
					"$(inherited)",
				);
				GCC_WARN_64_TO_32_BIT_CONVERSION = YES;
				GCC_WARN_ABOUT_RETURN_TYPE = YES_ERROR;
				GCC_WARN_UNDECLARED_SELECTOR = YES;
				GCC_WARN_UNINITIALIZED_AUTOS = YES_AGGRESSIVE;
				GCC_WARN_UNUSED_FUNCTION = YES;
				GCC_WARN_UNUSED_VARIABLE = YES;
				IPHONEOS_DEPLOYMENT_TARGET = 12.1;
				MTL_ENABLE_DEBUG_INFO = INCLUDE_SOURCE;
				MTL_FAST_MATH = YES;
				ONLY_ACTIVE_ARCH = YES;
				SDKROOT = iphoneos;
				SWIFT_ACTIVE_COMPILATION_CONDITIONS = DEBUG;
				SWIFT_OPTIMIZATION_LEVEL = "-Onone";
			};
			name = Debug;
		};
		9A508CA621E964B900F16470 /* Release */ = {
			isa = XCBuildConfiguration;
			buildSettings = {
				ALWAYS_SEARCH_USER_PATHS = NO;
				CLANG_ANALYZER_NONNULL = YES;
				CLANG_ANALYZER_NUMBER_OBJECT_CONVERSION = YES_AGGRESSIVE;
				CLANG_CXX_LANGUAGE_STANDARD = "gnu++14";
				CLANG_CXX_LIBRARY = "libc++";
				CLANG_ENABLE_MODULES = YES;
				CLANG_ENABLE_OBJC_ARC = YES;
				CLANG_ENABLE_OBJC_WEAK = YES;
				CLANG_WARN_BLOCK_CAPTURE_AUTORELEASING = YES;
				CLANG_WARN_BOOL_CONVERSION = YES;
				CLANG_WARN_COMMA = YES;
				CLANG_WARN_CONSTANT_CONVERSION = YES;
				CLANG_WARN_DEPRECATED_OBJC_IMPLEMENTATIONS = YES;
				CLANG_WARN_DIRECT_OBJC_ISA_USAGE = YES_ERROR;
				CLANG_WARN_DOCUMENTATION_COMMENTS = YES;
				CLANG_WARN_EMPTY_BODY = YES;
				CLANG_WARN_ENUM_CONVERSION = YES;
				CLANG_WARN_INFINITE_RECURSION = YES;
				CLANG_WARN_INT_CONVERSION = YES;
				CLANG_WARN_NON_LITERAL_NULL_CONVERSION = YES;
				CLANG_WARN_OBJC_IMPLICIT_RETAIN_SELF = YES;
				CLANG_WARN_OBJC_LITERAL_CONVERSION = YES;
				CLANG_WARN_OBJC_ROOT_CLASS = YES_ERROR;
				CLANG_WARN_RANGE_LOOP_ANALYSIS = YES;
				CLANG_WARN_STRICT_PROTOTYPES = YES;
				CLANG_WARN_SUSPICIOUS_MOVE = YES;
				CLANG_WARN_UNGUARDED_AVAILABILITY = YES_AGGRESSIVE;
				CLANG_WARN_UNREACHABLE_CODE = YES;
				CLANG_WARN__DUPLICATE_METHOD_MATCH = YES;
				CODE_SIGN_IDENTITY = "iPhone Developer";
				COPY_PHASE_STRIP = NO;
				DEBUG_INFORMATION_FORMAT = "dwarf-with-dsym";
				ENABLE_NS_ASSERTIONS = NO;
				ENABLE_STRICT_OBJC_MSGSEND = YES;
				GCC_C_LANGUAGE_STANDARD = gnu11;
				GCC_NO_COMMON_BLOCKS = YES;
				GCC_WARN_64_TO_32_BIT_CONVERSION = YES;
				GCC_WARN_ABOUT_RETURN_TYPE = YES_ERROR;
				GCC_WARN_UNDECLARED_SELECTOR = YES;
				GCC_WARN_UNINITIALIZED_AUTOS = YES_AGGRESSIVE;
				GCC_WARN_UNUSED_FUNCTION = YES;
				GCC_WARN_UNUSED_VARIABLE = YES;
				IPHONEOS_DEPLOYMENT_TARGET = 12.1;
				MTL_ENABLE_DEBUG_INFO = NO;
				MTL_FAST_MATH = YES;
				SDKROOT = iphoneos;
				SWIFT_COMPILATION_MODE = wholemodule;
				SWIFT_OPTIMIZATION_LEVEL = "-O";
				VALIDATE_PRODUCT = YES;
			};
			name = Release;
		};
		9A508CA821E964B900F16470 /* Debug */ = {
			isa = XCBuildConfiguration;
			baseConfigurationReference = 6F4119673B197B6BDF0E7E19 /* Pods-VoiceMemosClone.debug.xcconfig */;
			buildSettings = {
				ASSETCATALOG_COMPILER_APPICON_NAME = AppIcon;
				CODE_SIGN_STYLE = Automatic;
				DEVELOPMENT_TEAM = PHZ3Z3YJ85;
				INFOPLIST_FILE = VoiceMemosClone/Info.plist;
				LD_RUNPATH_SEARCH_PATHS = (
					"$(inherited)",
					"@executable_path/Frameworks",
				);
				PRODUCT_BUNDLE_IDENTIFIER = ws.feras.VoiceMemos;
				PRODUCT_NAME = "$(TARGET_NAME)";
				SWIFT_OBJC_BRIDGING_HEADER = "VoiceMemosClone/Objective-C Bridge/VoiceMemosClone-Bridging-Header.h";
				SWIFT_VERSION = 4.2;
				TARGETED_DEVICE_FAMILY = "1,2";
			};
			name = Debug;
		};
		9A508CA921E964B900F16470 /* Release */ = {
			isa = XCBuildConfiguration;
			baseConfigurationReference = 0F2C7FADF52A0751830BC76C /* Pods-VoiceMemosClone.release.xcconfig */;
			buildSettings = {
				ASSETCATALOG_COMPILER_APPICON_NAME = AppIcon;
				CODE_SIGN_STYLE = Automatic;
				DEVELOPMENT_TEAM = PHZ3Z3YJ85;
				INFOPLIST_FILE = VoiceMemosClone/Info.plist;
				LD_RUNPATH_SEARCH_PATHS = (
					"$(inherited)",
					"@executable_path/Frameworks",
				);
				PRODUCT_BUNDLE_IDENTIFIER = ws.feras.VoiceMemos;
				PRODUCT_NAME = "$(TARGET_NAME)";
				SWIFT_OBJC_BRIDGING_HEADER = "VoiceMemosClone/Objective-C Bridge/VoiceMemosClone-Bridging-Header.h";
				SWIFT_VERSION = 4.2;
				TARGETED_DEVICE_FAMILY = "1,2";
			};
			name = Release;
		};
/* End XCBuildConfiguration section */

/* Begin XCConfigurationList section */
		9A508C9021E964B500F16470 /* Build configuration list for PBXProject "VoiceMemosClone" */ = {
			isa = XCConfigurationList;
			buildConfigurations = (
				9A508CA521E964B900F16470 /* Debug */,
				9A508CA621E964B900F16470 /* Release */,
			);
			defaultConfigurationIsVisible = 0;
			defaultConfigurationName = Release;
		};
		9A508CA721E964B900F16470 /* Build configuration list for PBXNativeTarget "VoiceMemosClone" */ = {
			isa = XCConfigurationList;
			buildConfigurations = (
				9A508CA821E964B900F16470 /* Debug */,
				9A508CA921E964B900F16470 /* Release */,
			);
			defaultConfigurationIsVisible = 0;
			defaultConfigurationName = Release;
		};
/* End XCConfigurationList section */
	};
	rootObject = 9A508C8D21E964B500F16470 /* Project object */;
}
